
Microsoft Visual Studio Solution File, Format Version 12.00
# Visual Studio 15
VisualStudioVersion = 15.0.28307.421
MinimumVisualStudioVersion = 10.0.40219.1
Project("{FAE04EC0-301F-11D3-BF4B-00C04F79EFBC}") = "AppWebApiSenegocia", "AppWebApiSenegocia\AppWebApiSenegocia.csproj", "{A8727C46-7E9A-4B13-843F-15196CC69BB2}"
EndProject
Global
	GlobalSection(SolutionConfigurationPlatforms) = preSolution
		Debug|Any CPU = Debug|Any CPU
		Release|Any CPU = Release|Any CPU
	EndGlobalSection
	GlobalSection(ProjectConfigurationPlatforms) = postSolution
		{A8727C46-7E9A-4B13-843F-15196CC69BB2}.Debug|Any CPU.ActiveCfg = Debug|Any CPU
		{A8727C46-7E9A-4B13-843F-15196CC69BB2}.Debug|Any CPU.Build.0 = Debug|Any CPU
		{A8727C46-7E9A-4B13-843F-15196CC69BB2}.Release|Any CPU.ActiveCfg = Release|Any CPU
		{A8727C46-7E9A-4B13-843F-15196CC69BB2}.Release|Any CPU.Build.0 = Release|Any CPU
	EndGlobalSection
	GlobalSection(SolutionProperties) = preSolution
		HideSolutionNode = FALSE
	EndGlobalSection
	GlobalSection(ExtensibilityGlobals) = postSolution
		SolutionGuid = {00F7A08D-6E3E-4905-B990-25C0B9BED5EB}
	EndGlobalSection
EndGlobal
